
Microsoft Visual Studio Solution File, Format Version 12.00
# Visual Studio Version 17
VisualStudioVersion = 17.0.32112.339
MinimumVisualStudioVersion = 10.0.40219.1
Project("{FAE04EC0-301F-11D3-BF4B-00C04F79EFBC}") = "MyHomeLib.Library", "MyHomeLib.Library\MyHomeLib.Library.csproj", "{970BEB89-3E54-45BA-8CD8-1AC6F71CC82A}"
EndProject
Project("{FAE04EC0-301F-11D3-BF4B-00C04F79EFBC}") = "MyHomeLib.Torrent", "MyHomeLib.Torrent\MyHomeLib.Torrent.csproj", "{ED1852DD-F10C-4837-9BA9-B9C6C4D82F7A}"
EndProject
Project("{FAE04EC0-301F-11D3-BF4B-00C04F79EFBC}") = "FlibustaCli", "FlibustaCli\FlibustaCli.csproj", "{7FAFABB6-2184-4103-AA53-4326AAC6125F}"
EndProject
Project("{2150E333-8FDC-42A3-9474-1A3956D46DE8}") = "Build", "Build", "{939809A5-3A93-4B34-870B-5EA8F597A26A}"
	ProjectSection(SolutionItems) = preProject
		.github\workflows\dotnet.yaml = .github\workflows\dotnet.yaml
	EndProjectSection
EndProject
Global
	GlobalSection(SolutionConfigurationPlatforms) = preSolution
		Debug|Any CPU = Debug|Any CPU
		Release|Any CPU = Release|Any CPU
	EndGlobalSection
	GlobalSection(ProjectConfigurationPlatforms) = postSolution
		{970BEB89-3E54-45BA-8CD8-1AC6F71CC82A}.Debug|Any CPU.ActiveCfg = Debug|Any CPU
		{970BEB89-3E54-45BA-8CD8-1AC6F71CC82A}.Debug|Any CPU.Build.0 = Debug|Any CPU
		{970BEB89-3E54-45BA-8CD8-1AC6F71CC82A}.Release|Any CPU.ActiveCfg = Release|Any CPU
		{970BEB89-3E54-45BA-8CD8-1AC6F71CC82A}.Release|Any CPU.Build.0 = Release|Any CPU
		{ED1852DD-F10C-4837-9BA9-B9C6C4D82F7A}.Debug|Any CPU.ActiveCfg = Debug|Any CPU
		{ED1852DD-F10C-4837-9BA9-B9C6C4D82F7A}.Debug|Any CPU.Build.0 = Debug|Any CPU
		{ED1852DD-F10C-4837-9BA9-B9C6C4D82F7A}.Release|Any CPU.ActiveCfg = Release|Any CPU
		{ED1852DD-F10C-4837-9BA9-B9C6C4D82F7A}.Release|Any CPU.Build.0 = Release|Any CPU
		{7FAFABB6-2184-4103-AA53-4326AAC6125F}.Debug|Any CPU.ActiveCfg = Debug|Any CPU
		{7FAFABB6-2184-4103-AA53-4326AAC6125F}.Debug|Any CPU.Build.0 = Debug|Any CPU
		{7FAFABB6-2184-4103-AA53-4326AAC6125F}.Release|Any CPU.ActiveCfg = Release|Any CPU
		{7FAFABB6-2184-4103-AA53-4326AAC6125F}.Release|Any CPU.Build.0 = Release|Any CPU
	EndGlobalSection
	GlobalSection(SolutionProperties) = preSolution
		HideSolutionNode = FALSE
	EndGlobalSection
	GlobalSection(ExtensibilityGlobals) = postSolution
		SolutionGuid = {7BFBCCAD-24B0-45B6-B35D-80E9DE9F9671}
	EndGlobalSection
EndGlobal
